
Microsoft Visual Studio Solution File, Format Version 12.00
# Visual Studio Version 17
VisualStudioVersion = 17.5.002.0
MinimumVisualStudioVersion = 10.0.40219.1
Project("{9A19103F-16F7-4668-BE54-9A1E7A4F7556}") = "TripTaskerBackend", "TripTaskerBackend\TripTaskerBackend.csproj", "{766127C8-92BE-4703-AC3E-624F2F46F3AF}"
EndProject
Global
	GlobalSection(SolutionConfigurationPlatforms) = preSolution
		Debug|Any CPU = Debug|Any CPU
		Release|Any CPU = Release|Any CPU
	EndGlobalSection
	GlobalSection(ProjectConfigurationPlatforms) = postSolution
		{766127C8-92BE-4703-AC3E-624F2F46F3AF}.Debug|Any CPU.ActiveCfg = Debug|Any CPU
		{766127C8-92BE-4703-AC3E-624F2F46F3AF}.Debug|Any CPU.Build.0 = Debug|Any CPU
		{766127C8-92BE-4703-AC3E-624F2F46F3AF}.Release|Any CPU.ActiveCfg = Release|Any CPU
		{766127C8-92BE-4703-AC3E-624F2F46F3AF}.Release|Any CPU.Build.0 = Release|Any CPU
	EndGlobalSection
	GlobalSection(SolutionProperties) = preSolution
		HideSolutionNode = FALSE
	EndGlobalSection
	GlobalSection(ExtensibilityGlobals) = postSolution
		SolutionGuid = {936F96A7-AF6B-4603-B99E-286CBD6ECC5C}
	EndGlobalSection
EndGlobal
